
Microsoft Visual Studio Solution File, Format Version 12.00
Project("{FAE04EC0-301F-11D3-BF4B-00C04F79EFBC}") = "NoLavaRewrite", "NoLavaRewrite\NoLavaRewrite.csproj", "{9C78F930-0C63-4BA6-9FDD-4ED5F0157B64}"
EndProject
Global
	GlobalSection(SolutionConfigurationPlatforms) = preSolution
		Debug|Any CPU = Debug|Any CPU
		Release|Any CPU = Release|Any CPU
	EndGlobalSection
	GlobalSection(ProjectConfigurationPlatforms) = postSolution
		{9C78F930-0C63-4BA6-9FDD-4ED5F0157B64}.Debug|Any CPU.ActiveCfg = Debug|Any CPU
		{9C78F930-0C63-4BA6-9FDD-4ED5F0157B64}.Debug|Any CPU.Build.0 = Debug|Any CPU
		{9C78F930-0C63-4BA6-9FDD-4ED5F0157B64}.Release|Any CPU.ActiveCfg = Release|Any CPU
		{9C78F930-0C63-4BA6-9FDD-4ED5F0157B64}.Release|Any CPU.Build.0 = Release|Any CPU
	EndGlobalSection
EndGlobal
